
Microsoft Visual Studio Solution File, Format Version 11.00
# Visual Studio 2010
Project("{FAE04EC0-301F-11D3-BF4B-00C04F79EFBC}") = "TableFlip", "Assembly-CSharp.csproj", "{DFF25184-F176-296B-7A6E-4BBC7D8D5352}"
EndProject
Project("{FAE04EC0-301F-11D3-BF4B-00C04F79EFBC}") = "TableFlip", "Assembly-CSharp-Editor.csproj", "{5CDC3C8E-8D9D-BDFC-42C6-263840BB9010}"
EndProject
Global
	GlobalSection(SolutionConfigurationPlatforms) = preSolution
		Debug|Any CPU = Debug|Any CPU
		Release|Any CPU = Release|Any CPU
	EndGlobalSection
	GlobalSection(ProjectConfigurationPlatforms) = postSolution
		{DFF25184-F176-296B-7A6E-4BBC7D8D5352}.Debug|Any CPU.ActiveCfg = Debug|Any CPU
		{DFF25184-F176-296B-7A6E-4BBC7D8D5352}.Debug|Any CPU.Build.0 = Debug|Any CPU
		{DFF25184-F176-296B-7A6E-4BBC7D8D5352}.Release|Any CPU.ActiveCfg = Release|Any CPU
		{DFF25184-F176-296B-7A6E-4BBC7D8D5352}.Release|Any CPU.Build.0 = Release|Any CPU
		{5CDC3C8E-8D9D-BDFC-42C6-263840BB9010}.Debug|Any CPU.ActiveCfg = Debug|Any CPU
		{5CDC3C8E-8D9D-BDFC-42C6-263840BB9010}.Debug|Any CPU.Build.0 = Debug|Any CPU
		{5CDC3C8E-8D9D-BDFC-42C6-263840BB9010}.Release|Any CPU.ActiveCfg = Release|Any CPU
		{5CDC3C8E-8D9D-BDFC-42C6-263840BB9010}.Release|Any CPU.Build.0 = Release|Any CPU
	EndGlobalSection
	GlobalSection(SolutionProperties) = preSolution
		HideSolutionNode = FALSE
	EndGlobalSection
	GlobalSection(MonoDevelopProperties) = preSolution
		StartupItem = Assembly-CSharp.csproj
	EndGlobalSection
EndGlobal
